
Microsoft Visual Studio Solution File, Format Version 12.00
# Visual Studio 15
VisualStudioVersion = 15.0.28307.329
MinimumVisualStudioVersion = 10.0.40219.1
Project("{FAE04EC0-301F-11D3-BF4B-00C04F79EFBC}") = "DraggableTextBox", "DraggableTeaxtBox\DraggableTextBox.csproj", "{C3822A3C-E07D-410C-808C-CF9A6D838966}"
EndProject
Global
	GlobalSection(SolutionConfigurationPlatforms) = preSolution
		Debug|Any CPU = Debug|Any CPU
		Release|Any CPU = Release|Any CPU
	EndGlobalSection
	GlobalSection(ProjectConfigurationPlatforms) = postSolution
		{C3822A3C-E07D-410C-808C-CF9A6D838966}.Debug|Any CPU.ActiveCfg = Debug|Any CPU
		{C3822A3C-E07D-410C-808C-CF9A6D838966}.Debug|Any CPU.Build.0 = Debug|Any CPU
		{C3822A3C-E07D-410C-808C-CF9A6D838966}.Release|Any CPU.ActiveCfg = Release|Any CPU
		{C3822A3C-E07D-410C-808C-CF9A6D838966}.Release|Any CPU.Build.0 = Release|Any CPU
	EndGlobalSection
	GlobalSection(SolutionProperties) = preSolution
		HideSolutionNode = FALSE
	EndGlobalSection
	GlobalSection(ExtensibilityGlobals) = postSolution
		SolutionGuid = {F260B488-98E0-496F-B32C-EC20936621D9}
	EndGlobalSection
EndGlobal
